
Microsoft Visual Studio Solution File, Format Version 12.00
# Visual Studio Version 17
VisualStudioVersion = 17.8.34511.84
MinimumVisualStudioVersion = 10.0.40219.1
Project("{FAE04EC0-301F-11D3-BF4B-00C04F79EFBC}") = "19-DispatcherTimer", "19-DispatcherTimer\19-DispatcherTimer.csproj", "{BD86A63B-5152-49C0-B1B3-57BEFCFD5782}"
EndProject
Global
	GlobalSection(SolutionConfigurationPlatforms) = preSolution
		Debug|Any CPU = Debug|Any CPU
		Release|Any CPU = Release|Any CPU
	EndGlobalSection
	GlobalSection(ProjectConfigurationPlatforms) = postSolution
		{BD86A63B-5152-49C0-B1B3-57BEFCFD5782}.Debug|Any CPU.ActiveCfg = Debug|Any CPU
		{BD86A63B-5152-49C0-B1B3-57BEFCFD5782}.Debug|Any CPU.Build.0 = Debug|Any CPU
		{BD86A63B-5152-49C0-B1B3-57BEFCFD5782}.Release|Any CPU.ActiveCfg = Release|Any CPU
		{BD86A63B-5152-49C0-B1B3-57BEFCFD5782}.Release|Any CPU.Build.0 = Release|Any CPU
	EndGlobalSection
	GlobalSection(SolutionProperties) = preSolution
		HideSolutionNode = FALSE
	EndGlobalSection
	GlobalSection(ExtensibilityGlobals) = postSolution
		SolutionGuid = {840F54D9-92F3-4C47-B5A9-24AF82E22388}
	EndGlobalSection
EndGlobal
