
Microsoft Visual Studio Solution File, Format Version 12.00
# Visual Studio Version 17
VisualStudioVersion = 17.8.34511.84
MinimumVisualStudioVersion = 10.0.40219.1
Project("{FAE04EC0-301F-11D3-BF4B-00C04F79EFBC}") = "AdoMediaEsami", "AdoMediaEsami\AdoMediaEsami.csproj", "{F84FCBBB-FA15-4509-80F1-047A2FC063D1}"
EndProject
Project("{9A19103F-16F7-4668-BE54-9A1E7A4F7556}") = "18-AdoRubrica", "..\18-AdoRubrica\18-AdoRubrica\18-AdoRubrica.csproj", "{06D41F7B-1F77-4235-82F5-A75488FE4B77}"
EndProject
Project("{9A19103F-16F7-4668-BE54-9A1E7A4F7556}") = "20-DataContext", "..\20-DataContext\20-DataContext\20-DataContext.csproj", "{190317F6-EB87-44EC-A228-8E8D3160DAFB}"
EndProject
Global
	GlobalSection(SolutionConfigurationPlatforms) = preSolution
		Debug|Any CPU = Debug|Any CPU
		Release|Any CPU = Release|Any CPU
	EndGlobalSection
	GlobalSection(ProjectConfigurationPlatforms) = postSolution
		{F84FCBBB-FA15-4509-80F1-047A2FC063D1}.Debug|Any CPU.ActiveCfg = Debug|Any CPU
		{F84FCBBB-FA15-4509-80F1-047A2FC063D1}.Debug|Any CPU.Build.0 = Debug|Any CPU
		{F84FCBBB-FA15-4509-80F1-047A2FC063D1}.Release|Any CPU.ActiveCfg = Release|Any CPU
		{F84FCBBB-FA15-4509-80F1-047A2FC063D1}.Release|Any CPU.Build.0 = Release|Any CPU
		{06D41F7B-1F77-4235-82F5-A75488FE4B77}.Debug|Any CPU.ActiveCfg = Debug|Any CPU
		{06D41F7B-1F77-4235-82F5-A75488FE4B77}.Debug|Any CPU.Build.0 = Debug|Any CPU
		{06D41F7B-1F77-4235-82F5-A75488FE4B77}.Release|Any CPU.ActiveCfg = Release|Any CPU
		{06D41F7B-1F77-4235-82F5-A75488FE4B77}.Release|Any CPU.Build.0 = Release|Any CPU
		{190317F6-EB87-44EC-A228-8E8D3160DAFB}.Debug|Any CPU.ActiveCfg = Debug|Any CPU
		{190317F6-EB87-44EC-A228-8E8D3160DAFB}.Debug|Any CPU.Build.0 = Debug|Any CPU
		{190317F6-EB87-44EC-A228-8E8D3160DAFB}.Release|Any CPU.ActiveCfg = Release|Any CPU
		{190317F6-EB87-44EC-A228-8E8D3160DAFB}.Release|Any CPU.Build.0 = Release|Any CPU
	EndGlobalSection
	GlobalSection(SolutionProperties) = preSolution
		HideSolutionNode = FALSE
	EndGlobalSection
	GlobalSection(ExtensibilityGlobals) = postSolution
		SolutionGuid = {3290069B-A41C-46D6-BEEF-8C355AA463F2}
	EndGlobalSection
EndGlobal
